
Microsoft Visual Studio Solution File, Format Version 12.00
# Visual Studio Version 16
VisualStudioVersion = 16.0.33927.289
MinimumVisualStudioVersion = 10.0.40219.1
Project("{2150E333-8FDC-42A3-9474-1A3956D46DE8}") = "Task0", "Task0", "{A9DE6BE4-41AF-44FA-81AA-F6CE7E3219D7}"
EndProject
Project("{FAE04EC0-301F-11D3-BF4B-00C04F79EFBC}") = "Tyuiu.ZuborevDA.Sprint2.Task0.V29", "Tyuiu.ZuborevDA.Sprint2.Task0.V29\Tyuiu.ZuborevDA.Sprint2.Task0.V29.csproj", "{4A5BF2E4-4E35-41CA-BE1F-63A84EA5882A}"
EndProject
Project("{FAE04EC0-301F-11D3-BF4B-00C04F79EFBC}") = "Tyuiu.ZuborevDA.Sprint2.Task0.V29.Test", "Tyuiu.ZuborevDA.Sprint2.Task0.V29.Test\Tyuiu.ZuborevDA.Sprint2.Task0.V29.Test.csproj", "{2DAFD535-030B-4609-B8BD-875643E73ACF}"
EndProject
Project("{FAE04EC0-301F-11D3-BF4B-00C04F79EFBC}") = "Tyuiu.ZuborevDA.Sprint2.Task0.V29.Lib", "Tyuiu.ZuborevDA.Sprint2.Task0.V29.Lib\Tyuiu.ZuborevDA.Sprint2.Task0.V29.Lib.csproj", "{55AB6855-3473-4633-B745-06491725E924}"
EndProject
Project("{2150E333-8FDC-42A3-9474-1A3956D46DE8}") = "Task1", "Task1", "{F9DD3F9D-35D5-44F6-A04F-50049C7A5A9A}"
EndProject
Project("{FAE04EC0-301F-11D3-BF4B-00C04F79EFBC}") = "Tyuiu.ZuborevDA.Sprint2.Task1.V28", "Tyuiu.ZuborevDA.Sprint2.Task1.V28\Tyuiu.ZuborevDA.Sprint2.Task1.V28.csproj", "{970E5633-C328-45A6-BD7C-B0409C07EBC4}"
EndProject
Project("{FAE04EC0-301F-11D3-BF4B-00C04F79EFBC}") = "Tyuiu.ZuborevDA.Sprint2.Task1.V28.Lib", "Tyuiu.ZuborevDA.Sprint2.Task1.V28.Lib\Tyuiu.ZuborevDA.Sprint2.Task1.V28.Lib.csproj", "{9C5975B7-DBD7-4A2C-A9A3-ED7B5EB672F5}"
EndProject
Project("{FAE04EC0-301F-11D3-BF4B-00C04F79EFBC}") = "Tyuiu.ZuborevDA.Sprint2.Task1.V28.Test", "Tyuiu.ZuborevDA.Sprint2.Task1.V28.Test\Tyuiu.ZuborevDA.Sprint2.Task1.V28.Test.csproj", "{4A46301E-0607-4A9B-B80F-EA972B147D9E}"
EndProject
Project("{2150E333-8FDC-42A3-9474-1A3956D46DE8}") = "Task2", "Task2", "{F68554CF-EB93-4FBB-B9D7-2C028A38815F}"
EndProject
Project("{FAE04EC0-301F-11D3-BF4B-00C04F79EFBC}") = "Tyuiu.ZuborevDA.Sprint2.Task2.V21", "Tyuiu.ZuborevDA.Sprint2.Task2.V21\Tyuiu.ZuborevDA.Sprint2.Task2.V21.csproj", "{EAD250A0-E66E-4DE0-9CDD-AB7363C2CA12}"
EndProject
Project("{FAE04EC0-301F-11D3-BF4B-00C04F79EFBC}") = "Tyuiu.ZuborevDA.Sprint2.Task2.V21.Lib", "Tyuiu.ZuborevDA.Sprint2.Task2.V21.Lib\Tyuiu.ZuborevDA.Sprint2.Task2.V21.Lib.csproj", "{DD15DB0E-088F-4D3E-996B-73366C1E2E50}"
EndProject
Project("{FAE04EC0-301F-11D3-BF4B-00C04F79EFBC}") = "Tyuiu.ZuborevDA.Sprint2.Task2.V21.Test", "Tyuiu.ZuborevDA.Sprint2.Task2.V21.Test\Tyuiu.ZuborevDA.Sprint2.Task2.V21.Test.csproj", "{91DC80B6-042C-4E79-BBED-ADED1ADE1977}"
EndProject
Project("{2150E333-8FDC-42A3-9474-1A3956D46DE8}") = "Task3", "Task3", "{B130A0B1-E133-487C-82F3-2CFC13162B8F}"
EndProject
Project("{FAE04EC0-301F-11D3-BF4B-00C04F79EFBC}") = "Tyuiu.ZuborevDA.Sprint2.Task3.V18", "Tyuiu.ZuborevDA.Sprint2.Task3.V18\Tyuiu.ZuborevDA.Sprint2.Task3.V18.csproj", "{84618D25-8A8F-452D-AB7F-DEDF505547E5}"
EndProject
Project("{FAE04EC0-301F-11D3-BF4B-00C04F79EFBC}") = "Tyuiu.ZuborevDA.Sprint2.Task3.V18.Test", "Tyuiu.ZuborevDA.Sprint2.Task3.V18.Test\Tyuiu.ZuborevDA.Sprint2.Task3.V18.Test.csproj", "{ADD41A4B-DD3D-4490-8A31-E2F5D55541C8}"
EndProject
Project("{FAE04EC0-301F-11D3-BF4B-00C04F79EFBC}") = "Tyuiu.ZuborevDA.Sprint2.Task3.V18.Lib", "Tyuiu.ZuborevDA.Sprint2.Task3.V18.Lib\Tyuiu.ZuborevDA.Sprint2.Task3.V18.Lib.csproj", "{E2EB72B5-6657-4DA2-8ED1-764B364DFC00}"
EndProject
Project("{2150E333-8FDC-42A3-9474-1A3956D46DE8}") = "Task4", "Task4", "{519B4692-72FB-4B57-828F-C99324ADF72E}"
EndProject
Project("{FAE04EC0-301F-11D3-BF4B-00C04F79EFBC}") = "Tyuiu.ZuborevDA.Sprint2.Task4.V4", "Tyuiu.ZuborevDA.Sprint2.Task4.V4\Tyuiu.ZuborevDA.Sprint2.Task4.V4.csproj", "{33CBA8E3-FFB8-478A-AFAC-DBDE30DCB01B}"
EndProject
Project("{FAE04EC0-301F-11D3-BF4B-00C04F79EFBC}") = "Tyuiu.ZuborevDA.Sprint2.Task4.V4.Lib", "Tyuiu.ZuborevDA.Sprint2.Task4.V4.Lib\Tyuiu.ZuborevDA.Sprint2.Task4.V4.Lib.csproj", "{2C60DE46-4FDF-4045-A060-D8D911816AC0}"
EndProject
Project("{FAE04EC0-301F-11D3-BF4B-00C04F79EFBC}") = "Tyuiu.ZuborevDA.Sprint2.Task4.V4.Test", "Tyuiu.ZuborevDA.Sprint2.Task4.V4.Test\Tyuiu.ZuborevDA.Sprint2.Task4.V4.Test.csproj", "{98B95686-0DBF-4E23-8584-B6D6AFDC4B7F}"
EndProject
Project("{2150E333-8FDC-42A3-9474-1A3956D46DE8}") = "Task5", "Task5", "{D545C5B3-9E6F-40FD-B9FC-BC2D5D69BD82}"
EndProject
Project("{FAE04EC0-301F-11D3-BF4B-00C04F79EFBC}") = "Tyuiu.ZuborevDA.Sprint2.Task5.V4.Lib", "Tyuiu.ZuborevDA.Sprint2.Task5.V4.Lib\Tyuiu.ZuborevDA.Sprint2.Task5.V4.Lib.csproj", "{B8D0CBE9-0DD4-4D07-9D43-7C406BFE3BC8}"
EndProject
Project("{FAE04EC0-301F-11D3-BF4B-00C04F79EFBC}") = "Tyuiu.ZuborevDA.Sprint2.Task5.V4.Test", "Tyuiu.ZuborevDA.Sprint2.Task5.V4.Test\Tyuiu.ZuborevDA.Sprint2.Task5.V4.Test.csproj", "{70772FEF-FA81-4916-800F-77FC8961D147}"
EndProject
Project("{FAE04EC0-301F-11D3-BF4B-00C04F79EFBC}") = "Tyuiu.ZuborevDA.Sprint2.Task5.V4", "Tyuiu.ZuborevDA.Sprint2.Task5.V4\Tyuiu.ZuborevDA.Sprint2.Task5.V4.csproj", "{84DF2CA3-D465-4ECD-A89E-787B440F43C5}"
EndProject
Project("{2150E333-8FDC-42A3-9474-1A3956D46DE8}") = "Task6", "Task6", "{A1842E6E-7CD2-40A5-ACC0-24E5907384E3}"
EndProject
Project("{FAE04EC0-301F-11D3-BF4B-00C04F79EFBC}") = "Tyuiu.ZuborevDA.Sprint2.Task6.V2.Lib", "Tyuiu.ZuborevDA.Sprint2.Task6.V2.Lib\Tyuiu.ZuborevDA.Sprint2.Task6.V2.Lib.csproj", "{BD414258-E24C-4EB1-B0DB-1A9FA3E60717}"
EndProject
Project("{FAE04EC0-301F-11D3-BF4B-00C04F79EFBC}") = "Tyuiu.ZuborevDA.Sprint2.Task6.V2", "Tyuiu.ZuborevDA.Sprint2.Task6.V2\Tyuiu.ZuborevDA.Sprint2.Task6.V2.csproj", "{8A5303AC-C469-4E44-A7D6-5B7D38BDB923}"
EndProject
Project("{FAE04EC0-301F-11D3-BF4B-00C04F79EFBC}") = "Tyuiu.ZuborevDA.Sprint2.Task6.V2.Test", "Tyuiu.ZuborevDA.Sprint2.Task6.V2.Test\Tyuiu.ZuborevDA.Sprint2.Task6.V2.Test.csproj", "{E8516A54-8A00-4E1E-AADB-77BDE6181811}"
EndProject
Project("{2150E333-8FDC-42A3-9474-1A3956D46DE8}") = "Task7", "Task7", "{8534DDDF-A70F-472B-A436-BF6558463631}"
EndProject
Project("{FAE04EC0-301F-11D3-BF4B-00C04F79EFBC}") = "Tyuiu.ZuborevDA.Sprint2.Task7.V9.Lib", "Tyuiu.ZuborevDA.Sprint2.Task7.V9.Lib\Tyuiu.ZuborevDA.Sprint2.Task7.V9.Lib.csproj", "{50A7FC21-96D2-4943-82D4-57593ED80FB0}"
EndProject
Project("{FAE04EC0-301F-11D3-BF4B-00C04F79EFBC}") = "Tyuiu.ZuborevDA.Sprint2.Task7.V9.Test", "Tyuiu.ZuborevDA.Sprint2.Task7.V9.Test\Tyuiu.ZuborevDA.Sprint2.Task7.V9.Test.csproj", "{E26C90B5-FC74-4FCF-B6BA-2E10E51B43F9}"
EndProject
Project("{FAE04EC0-301F-11D3-BF4B-00C04F79EFBC}") = "Tyuiu.ZuborevDA.Sprint2.Task7.V9", "Tyuiu.ZuborevDA.Sprint2.Task7.V9\Tyuiu.ZuborevDA.Sprint2.Task7.V9.csproj", "{395F7017-F3A0-452D-9991-23911415A28C}"
EndProject
Global
	GlobalSection(SolutionConfigurationPlatforms) = preSolution
		Debug|Any CPU = Debug|Any CPU
		Release|Any CPU = Release|Any CPU
	EndGlobalSection
	GlobalSection(ProjectConfigurationPlatforms) = postSolution
		{4A5BF2E4-4E35-41CA-BE1F-63A84EA5882A}.Debug|Any CPU.ActiveCfg = Debug|Any CPU
		{4A5BF2E4-4E35-41CA-BE1F-63A84EA5882A}.Debug|Any CPU.Build.0 = Debug|Any CPU
		{4A5BF2E4-4E35-41CA-BE1F-63A84EA5882A}.Release|Any CPU.ActiveCfg = Release|Any CPU
		{4A5BF2E4-4E35-41CA-BE1F-63A84EA5882A}.Release|Any CPU.Build.0 = Release|Any CPU
		{2DAFD535-030B-4609-B8BD-875643E73ACF}.Debug|Any CPU.ActiveCfg = Debug|Any CPU
		{2DAFD535-030B-4609-B8BD-875643E73ACF}.Debug|Any CPU.Build.0 = Debug|Any CPU
		{2DAFD535-030B-4609-B8BD-875643E73ACF}.Release|Any CPU.ActiveCfg = Release|Any CPU
		{2DAFD535-030B-4609-B8BD-875643E73ACF}.Release|Any CPU.Build.0 = Release|Any CPU
		{55AB6855-3473-4633-B745-06491725E924}.Debug|Any CPU.ActiveCfg = Debug|Any CPU
		{55AB6855-3473-4633-B745-06491725E924}.Debug|Any CPU.Build.0 = Debug|Any CPU
		{55AB6855-3473-4633-B745-06491725E924}.Release|Any CPU.ActiveCfg = Release|Any CPU
		{55AB6855-3473-4633-B745-06491725E924}.Release|Any CPU.Build.0 = Release|Any CPU
		{970E5633-C328-45A6-BD7C-B0409C07EBC4}.Debug|Any CPU.ActiveCfg = Debug|Any CPU
		{970E5633-C328-45A6-BD7C-B0409C07EBC4}.Debug|Any CPU.Build.0 = Debug|Any CPU
		{970E5633-C328-45A6-BD7C-B0409C07EBC4}.Release|Any CPU.ActiveCfg = Release|Any CPU
		{970E5633-C328-45A6-BD7C-B0409C07EBC4}.Release|Any CPU.Build.0 = Release|Any CPU
		{9C5975B7-DBD7-4A2C-A9A3-ED7B5EB672F5}.Debug|Any CPU.ActiveCfg = Debug|Any CPU
		{9C5975B7-DBD7-4A2C-A9A3-ED7B5EB672F5}.Debug|Any CPU.Build.0 = Debug|Any CPU
		{9C5975B7-DBD7-4A2C-A9A3-ED7B5EB672F5}.Release|Any CPU.ActiveCfg = Release|Any CPU
		{9C5975B7-DBD7-4A2C-A9A3-ED7B5EB672F5}.Release|Any CPU.Build.0 = Release|Any CPU
		{4A46301E-0607-4A9B-B80F-EA972B147D9E}.Debug|Any CPU.ActiveCfg = Debug|Any CPU
		{4A46301E-0607-4A9B-B80F-EA972B147D9E}.Debug|Any CPU.Build.0 = Debug|Any CPU
		{4A46301E-0607-4A9B-B80F-EA972B147D9E}.Release|Any CPU.ActiveCfg = Release|Any CPU
		{4A46301E-0607-4A9B-B80F-EA972B147D9E}.Release|Any CPU.Build.0 = Release|Any CPU
		{EAD250A0-E66E-4DE0-9CDD-AB7363C2CA12}.Debug|Any CPU.ActiveCfg = Debug|Any CPU
		{EAD250A0-E66E-4DE0-9CDD-AB7363C2CA12}.Debug|Any CPU.Build.0 = Debug|Any CPU
		{EAD250A0-E66E-4DE0-9CDD-AB7363C2CA12}.Release|Any CPU.ActiveCfg = Release|Any CPU
		{EAD250A0-E66E-4DE0-9CDD-AB7363C2CA12}.Release|Any CPU.Build.0 = Release|Any CPU
		{DD15DB0E-088F-4D3E-996B-73366C1E2E50}.Debug|Any CPU.ActiveCfg = Debug|Any CPU
		{DD15DB0E-088F-4D3E-996B-73366C1E2E50}.Debug|Any CPU.Build.0 = Debug|Any CPU
		{DD15DB0E-088F-4D3E-996B-73366C1E2E50}.Release|Any CPU.ActiveCfg = Release|Any CPU
		{DD15DB0E-088F-4D3E-996B-73366C1E2E50}.Release|Any CPU.Build.0 = Release|Any CPU
		{91DC80B6-042C-4E79-BBED-ADED1ADE1977}.Debug|Any CPU.ActiveCfg = Debug|Any CPU
		{91DC80B6-042C-4E79-BBED-ADED1ADE1977}.Debug|Any CPU.Build.0 = Debug|Any CPU
		{91DC80B6-042C-4E79-BBED-ADED1ADE1977}.Release|Any CPU.ActiveCfg = Release|Any CPU
		{91DC80B6-042C-4E79-BBED-ADED1ADE1977}.Release|Any CPU.Build.0 = Release|Any CPU
		{84618D25-8A8F-452D-AB7F-DEDF505547E5}.Debug|Any CPU.ActiveCfg = Debug|Any CPU
		{84618D25-8A8F-452D-AB7F-DEDF505547E5}.Debug|Any CPU.Build.0 = Debug|Any CPU
		{84618D25-8A8F-452D-AB7F-DEDF505547E5}.Release|Any CPU.ActiveCfg = Release|Any CPU
		{84618D25-8A8F-452D-AB7F-DEDF505547E5}.Release|Any CPU.Build.0 = Release|Any CPU
		{ADD41A4B-DD3D-4490-8A31-E2F5D55541C8}.Debug|Any CPU.ActiveCfg = Debug|Any CPU
		{ADD41A4B-DD3D-4490-8A31-E2F5D55541C8}.Debug|Any CPU.Build.0 = Debug|Any CPU
		{ADD41A4B-DD3D-4490-8A31-E2F5D55541C8}.Release|Any CPU.ActiveCfg = Release|Any CPU
		{ADD41A4B-DD3D-4490-8A31-E2F5D55541C8}.Release|Any CPU.Build.0 = Release|Any CPU
		{E2EB72B5-6657-4DA2-8ED1-764B364DFC00}.Debug|Any CPU.ActiveCfg = Debug|Any CPU
		{E2EB72B5-6657-4DA2-8ED1-764B364DFC00}.Debug|Any CPU.Build.0 = Debug|Any CPU
		{E2EB72B5-6657-4DA2-8ED1-764B364DFC00}.Release|Any CPU.ActiveCfg = Release|Any CPU
		{E2EB72B5-6657-4DA2-8ED1-764B364DFC00}.Release|Any CPU.Build.0 = Release|Any CPU
		{33CBA8E3-FFB8-478A-AFAC-DBDE30DCB01B}.Debug|Any CPU.ActiveCfg = Debug|Any CPU
		{33CBA8E3-FFB8-478A-AFAC-DBDE30DCB01B}.Debug|Any CPU.Build.0 = Debug|Any CPU
		{33CBA8E3-FFB8-478A-AFAC-DBDE30DCB01B}.Release|Any CPU.ActiveCfg = Release|Any CPU
		{33CBA8E3-FFB8-478A-AFAC-DBDE30DCB01B}.Release|Any CPU.Build.0 = Release|Any CPU
		{2C60DE46-4FDF-4045-A060-D8D911816AC0}.Debug|Any CPU.ActiveCfg = Debug|Any CPU
		{2C60DE46-4FDF-4045-A060-D8D911816AC0}.Debug|Any CPU.Build.0 = Debug|Any CPU
		{2C60DE46-4FDF-4045-A060-D8D911816AC0}.Release|Any CPU.ActiveCfg = Release|Any CPU
		{2C60DE46-4FDF-4045-A060-D8D911816AC0}.Release|Any CPU.Build.0 = Release|Any CPU
		{98B95686-0DBF-4E23-8584-B6D6AFDC4B7F}.Debug|Any CPU.ActiveCfg = Debug|Any CPU
		{98B95686-0DBF-4E23-8584-B6D6AFDC4B7F}.Debug|Any CPU.Build.0 = Debug|Any CPU
		{98B95686-0DBF-4E23-8584-B6D6AFDC4B7F}.Release|Any CPU.ActiveCfg = Release|Any CPU
		{98B95686-0DBF-4E23-8584-B6D6AFDC4B7F}.Release|Any CPU.Build.0 = Release|Any CPU
		{B8D0CBE9-0DD4-4D07-9D43-7C406BFE3BC8}.Debug|Any CPU.ActiveCfg = Debug|Any CPU
		{B8D0CBE9-0DD4-4D07-9D43-7C406BFE3BC8}.Debug|Any CPU.Build.0 = Debug|Any CPU
		{B8D0CBE9-0DD4-4D07-9D43-7C406BFE3BC8}.Release|Any CPU.ActiveCfg = Release|Any CPU
		{B8D0CBE9-0DD4-4D07-9D43-7C406BFE3BC8}.Release|Any CPU.Build.0 = Release|Any CPU
		{70772FEF-FA81-4916-800F-77FC8961D147}.Debug|Any CPU.ActiveCfg = Debug|Any CPU
		{70772FEF-FA81-4916-800F-77FC8961D147}.Debug|Any CPU.Build.0 = Debug|Any CPU
		{70772FEF-FA81-4916-800F-77FC8961D147}.Release|Any CPU.ActiveCfg = Release|Any CPU
		{70772FEF-FA81-4916-800F-77FC8961D147}.Release|Any CPU.Build.0 = Release|Any CPU
		{84DF2CA3-D465-4ECD-A89E-787B440F43C5}.Debug|Any CPU.ActiveCfg = Debug|Any CPU
		{84DF2CA3-D465-4ECD-A89E-787B440F43C5}.Debug|Any CPU.Build.0 = Debug|Any CPU
		{84DF2CA3-D465-4ECD-A89E-787B440F43C5}.Release|Any CPU.ActiveCfg = Release|Any CPU
		{84DF2CA3-D465-4ECD-A89E-787B440F43C5}.Release|Any CPU.Build.0 = Release|Any CPU
		{BD414258-E24C-4EB1-B0DB-1A9FA3E60717}.Debug|Any CPU.ActiveCfg = Debug|Any CPU
		{BD414258-E24C-4EB1-B0DB-1A9FA3E60717}.Debug|Any CPU.Build.0 = Debug|Any CPU
		{BD414258-E24C-4EB1-B0DB-1A9FA3E60717}.Release|Any CPU.ActiveCfg = Release|Any CPU
		{BD414258-E24C-4EB1-B0DB-1A9FA3E60717}.Release|Any CPU.Build.0 = Release|Any CPU
		{8A5303AC-C469-4E44-A7D6-5B7D38BDB923}.Debug|Any CPU.ActiveCfg = Debug|Any CPU
		{8A5303AC-C469-4E44-A7D6-5B7D38BDB923}.Debug|Any CPU.Build.0 = Debug|Any CPU
		{8A5303AC-C469-4E44-A7D6-5B7D38BDB923}.Release|Any CPU.ActiveCfg = Release|Any CPU
		{8A5303AC-C469-4E44-A7D6-5B7D38BDB923}.Release|Any CPU.Build.0 = Release|Any CPU
		{E8516A54-8A00-4E1E-AADB-77BDE6181811}.Debug|Any CPU.ActiveCfg = Debug|Any CPU
		{E8516A54-8A00-4E1E-AADB-77BDE6181811}.Debug|Any CPU.Build.0 = Debug|Any CPU
		{E8516A54-8A00-4E1E-AADB-77BDE6181811}.Release|Any CPU.ActiveCfg = Release|Any CPU
		{E8516A54-8A00-4E1E-AADB-77BDE6181811}.Release|Any CPU.Build.0 = Release|Any CPU
		{50A7FC21-96D2-4943-82D4-57593ED80FB0}.Debug|Any CPU.ActiveCfg = Debug|Any CPU
		{50A7FC21-96D2-4943-82D4-57593ED80FB0}.Debug|Any CPU.Build.0 = Debug|Any CPU
		{50A7FC21-96D2-4943-82D4-57593ED80FB0}.Release|Any CPU.ActiveCfg = Release|Any CPU
		{50A7FC21-96D2-4943-82D4-57593ED80FB0}.Release|Any CPU.Build.0 = Release|Any CPU
		{E26C90B5-FC74-4FCF-B6BA-2E10E51B43F9}.Debug|Any CPU.ActiveCfg = Debug|Any CPU
		{E26C90B5-FC74-4FCF-B6BA-2E10E51B43F9}.Debug|Any CPU.Build.0 = Debug|Any CPU
		{E26C90B5-FC74-4FCF-B6BA-2E10E51B43F9}.Release|Any CPU.ActiveCfg = Release|Any CPU
		{E26C90B5-FC74-4FCF-B6BA-2E10E51B43F9}.Release|Any CPU.Build.0 = Release|Any CPU
		{395F7017-F3A0-452D-9991-23911415A28C}.Debug|Any CPU.ActiveCfg = Debug|Any CPU
		{395F7017-F3A0-452D-9991-23911415A28C}.Debug|Any CPU.Build.0 = Debug|Any CPU
		{395F7017-F3A0-452D-9991-23911415A28C}.Release|Any CPU.ActiveCfg = Release|Any CPU
		{395F7017-F3A0-452D-9991-23911415A28C}.Release|Any CPU.Build.0 = Release|Any CPU
	EndGlobalSection
	GlobalSection(SolutionProperties) = preSolution
		HideSolutionNode = FALSE
	EndGlobalSection
	GlobalSection(NestedProjects) = preSolution
		{4A5BF2E4-4E35-41CA-BE1F-63A84EA5882A} = {A9DE6BE4-41AF-44FA-81AA-F6CE7E3219D7}
		{2DAFD535-030B-4609-B8BD-875643E73ACF} = {A9DE6BE4-41AF-44FA-81AA-F6CE7E3219D7}
		{55AB6855-3473-4633-B745-06491725E924} = {A9DE6BE4-41AF-44FA-81AA-F6CE7E3219D7}
		{970E5633-C328-45A6-BD7C-B0409C07EBC4} = {F9DD3F9D-35D5-44F6-A04F-50049C7A5A9A}
		{9C5975B7-DBD7-4A2C-A9A3-ED7B5EB672F5} = {F9DD3F9D-35D5-44F6-A04F-50049C7A5A9A}
		{4A46301E-0607-4A9B-B80F-EA972B147D9E} = {F9DD3F9D-35D5-44F6-A04F-50049C7A5A9A}
		{EAD250A0-E66E-4DE0-9CDD-AB7363C2CA12} = {F68554CF-EB93-4FBB-B9D7-2C028A38815F}
		{DD15DB0E-088F-4D3E-996B-73366C1E2E50} = {F68554CF-EB93-4FBB-B9D7-2C028A38815F}
		{91DC80B6-042C-4E79-BBED-ADED1ADE1977} = {F68554CF-EB93-4FBB-B9D7-2C028A38815F}
		{84618D25-8A8F-452D-AB7F-DEDF505547E5} = {B130A0B1-E133-487C-82F3-2CFC13162B8F}
		{ADD41A4B-DD3D-4490-8A31-E2F5D55541C8} = {B130A0B1-E133-487C-82F3-2CFC13162B8F}
		{E2EB72B5-6657-4DA2-8ED1-764B364DFC00} = {B130A0B1-E133-487C-82F3-2CFC13162B8F}
		{33CBA8E3-FFB8-478A-AFAC-DBDE30DCB01B} = {519B4692-72FB-4B57-828F-C99324ADF72E}
		{2C60DE46-4FDF-4045-A060-D8D911816AC0} = {519B4692-72FB-4B57-828F-C99324ADF72E}
		{98B95686-0DBF-4E23-8584-B6D6AFDC4B7F} = {519B4692-72FB-4B57-828F-C99324ADF72E}
		{B8D0CBE9-0DD4-4D07-9D43-7C406BFE3BC8} = {D545C5B3-9E6F-40FD-B9FC-BC2D5D69BD82}
		{70772FEF-FA81-4916-800F-77FC8961D147} = {D545C5B3-9E6F-40FD-B9FC-BC2D5D69BD82}
		{84DF2CA3-D465-4ECD-A89E-787B440F43C5} = {D545C5B3-9E6F-40FD-B9FC-BC2D5D69BD82}
		{BD414258-E24C-4EB1-B0DB-1A9FA3E60717} = {A1842E6E-7CD2-40A5-ACC0-24E5907384E3}
		{8A5303AC-C469-4E44-A7D6-5B7D38BDB923} = {A1842E6E-7CD2-40A5-ACC0-24E5907384E3}
		{E8516A54-8A00-4E1E-AADB-77BDE6181811} = {A1842E6E-7CD2-40A5-ACC0-24E5907384E3}
		{50A7FC21-96D2-4943-82D4-57593ED80FB0} = {8534DDDF-A70F-472B-A436-BF6558463631}
		{E26C90B5-FC74-4FCF-B6BA-2E10E51B43F9} = {8534DDDF-A70F-472B-A436-BF6558463631}
		{395F7017-F3A0-452D-9991-23911415A28C} = {8534DDDF-A70F-472B-A436-BF6558463631}
	EndGlobalSection
	GlobalSection(ExtensibilityGlobals) = postSolution
		SolutionGuid = {CAC639E3-B862-4369-A54F-3C0BBB704BA1}
	EndGlobalSection
EndGlobal
